// !$*UTF8*$!
{
	archiveVersion = 1;
	classes = {
	};
	objectVersion = 48;
	objects = {

/* Begin PBXBuildFile section */
		C501BB902012901A00EC20D9 /* AppDelegate.swift in Sources */ = {isa = PBXBuildFile; fileRef = C501BB8F2012901A00EC20D9 /* AppDelegate.swift */; };
		C501BB922012901A00EC20D9 /* ViewController.swift in Sources */ = {isa = PBXBuildFile; fileRef = C501BB912012901A00EC20D9 /* ViewController.swift */; };
		C501BB952012901A00EC20D9 /* Main.storyboard in Resources */ = {isa = PBXBuildFile; fileRef = C501BB932012901A00EC20D9 /* Main.storyboard */; };
		C501BB972012901A00EC20D9 /* Assets.xcassets in Resources */ = {isa = PBXBuildFile; fileRef = C501BB962012901A00EC20D9 /* Assets.xcassets */; };
		C501BB9A2012901A00EC20D9 /* LaunchScreen.storyboard in Resources */ = {isa = PBXBuildFile; fileRef = C501BB982012901A00EC20D9 /* LaunchScreen.storyboard */; };
		C501BBA320129DE700EC20D9 /* ballSound.wav in Resources */ = {isa = PBXBuildFile; fileRef = C501BBA220129DE700EC20D9 /* ballSound.wav */; };
		C501BBA520129DEF00EC20D9 /* backgroundMusic.wav in Resources */ = {isa = PBXBuildFile; fileRef = C501BBA420129DEF00EC20D9 /* backgroundMusic.wav */; };
/* End PBXBuildFile section */

/* Begin PBXFileReference section */
		C501BB8C2012901A00EC20D9 /* Magic8Ball.app */ = {isa = PBXFileReference; explicitFileType = wrapper.application; includeInIndex = 0; path = Magic8Ball.app; sourceTree = BUILT_PRODUCTS_DIR; };
		C501BB8F2012901A00EC20D9 /* AppDelegate.swift */ = {isa = PBXFileReference; lastKnownFileType = sourcecode.swift; path = AppDelegate.swift; sourceTree = "<group>"; };
		C501BB912012901A00EC20D9 /* ViewController.swift */ = {isa = PBXFileReference; lastKnownFileType = sourcecode.swift; path = ViewController.swift; sourceTree = "<group>"; };
		C501BB942012901A00EC20D9 /* Base */ = {isa = PBXFileReference; lastKnownFileType = file.storyboard; name = Base; path = Base.lproj/Main.storyboard; sourceTree = "<group>"; };
		C501BB962012901A00EC20D9 /* Assets.xcassets */ = {isa = PBXFileReference; lastKnownFileType = folder.assetcatalog; path = Assets.xcassets; sourceTree = "<group>"; };
		C501BB992012901A00EC20D9 /* Base */ = {isa = PBXFileReference; lastKnownFileType = file.storyboard; name = Base; path = Base.lproj/LaunchScreen.storyboard; sourceTree = "<group>"; };
		C501BB9B2012901A00EC20D9 /* Info.plist */ = {isa = PBXFileReference; lastKnownFileType = text.plist.xml; path = Info.plist; sourceTree = "<group>"; };
		C501BBA220129DE700EC20D9 /* ballSound.wav */ = {isa = PBXFileReference; lastKnownFileType = audio.wav; path = ballSound.wav; sourceTree = "<group>"; };
		C501BBA420129DEF00EC20D9 /* backgroundMusic.wav */ = {isa = PBXFileReference; lastKnownFileType = audio.wav; path = backgroundMusic.wav; sourceTree = "<group>"; };
/* End PBXFileReference section */

/* Begin PBXFrameworksBuildPhase section */
		C501BB892012901900EC20D9 /* Frameworks */ = {
			isa = PBXFrameworksBuildPhase;
			buildActionMask = 2147483647;
			files = (
			);
			runOnlyForDeploymentPostprocessing = 0;
		};
/* End PBXFrameworksBuildPhase section */

/* Begin PBXGroup section */
		C501BB832012901900EC20D9 = {
			isa = PBXGroup;
			children = (
				C501BBA120129DD300EC20D9 /* sounds */,
				C501BB8E2012901A00EC20D9 /* Magic8Ball */,
				C501BB8D2012901A00EC20D9 /* Products */,
			);
			sourceTree = "<group>";
		};
		C501BB8D2012901A00EC20D9 /* Products */ = {
			isa = PBXGroup;
			children = (
				C501BB8C2012901A00EC20D9 /* Magic8Ball.app */,
			);
			name = Products;
			sourceTree = "<group>";
		};
		C501BB8E2012901A00EC20D9 /* Magic8Ball */ = {
			isa = PBXGroup;
			children = (
				C501BB8F2012901A00EC20D9 /* AppDelegate.swift */,
				C501BB912012901A00EC20D9 /* ViewController.swift */,
				C501BB932012901A00EC20D9 /* Main.storyboard */,
				C501BB962012901A00EC20D9 /* Assets.xcassets */,
				C501BB982012901A00EC20D9 /* LaunchScreen.storyboard */,
				C501BB9B2012901A00EC20D9 /* Info.plist */,
			);
			path = Magic8Ball;
			sourceTree = "<group>";
		};
		C501BBA120129DD300EC20D9 /* sounds */ = {
			isa = PBXGroup;
			children = (
				C501BBA420129DEF00EC20D9 /* backgroundMusic.wav */,
				C501BBA220129DE700EC20D9 /* ballSound.wav */,
			);
			path = sounds;
			sourceTree = "<group>";
		};
/* End PBXGroup section */

/* Begin PBXNativeTarget section */
		C501BB8B2012901900EC20D9 /* Magic8Ball */ = {
			isa = PBXNativeTarget;
			buildConfigurationList = C501BB9E2012901A00EC20D9 /* Build configuration list for PBXNativeTarget "Magic8Ball" */;
			buildPhases = (
				C501BB882012901900EC20D9 /* Sources */,
				C501BB892012901900EC20D9 /* Frameworks */,
				C501BB8A2012901900EC20D9 /* Resources */,
			);
			buildRules = (
			);
			dependencies = (
			);
			name = Magic8Ball;
			productName = Magic8Ball;
			productReference = C501BB8C2012901A00EC20D9 /* Magic8Ball.app */;
			productType = "com.apple.product-type.application";
		};
/* End PBXNativeTarget section */

/* Begin PBXProject section */
		C501BB842012901900EC20D9 /* Project object */ = {
			isa = PBXProject;
			attributes = {
				LastSwiftUpdateCheck = 0920;
				LastUpgradeCheck = 0920;
				ORGANIZATIONNAME = "Ahmed Amr";
				TargetAttributes = {
					C501BB8B2012901900EC20D9 = {
						CreatedOnToolsVersion = 9.2;
						ProvisioningStyle = Automatic;
					};
				};
			};
			buildConfigurationList = C501BB872012901900EC20D9 /* Build configuration list for PBXProject "Magic8Ball" */;
			compatibilityVersion = "Xcode 8.0";
			developmentRegion = en;
			hasScannedForEncodings = 0;
			knownRegions = (
				en,
				Base,
			);
			mainGroup = C501BB832012901900EC20D9;
			productRefGroup = C501BB8D2012901A00EC20D9 /* Products */;
			projectDirPath = "";
			projectRoot = "";
			targets = (
				C501BB8B2012901900EC20D9 /* Magic8Ball */,
			);
		};
/* End PBXProject section */

/* Begin PBXResourcesBuildPhase section */
		C501BB8A2012901900EC20D9 /* Resources */ = {
			isa = PBXResourcesBuildPhase;
			buildActionMask = 2147483647;
			files = (
				C501BB9A2012901A00EC20D9 /* LaunchScreen.storyboard in Resources */,
				C501BBA520129DEF00EC20D9 /* backgroundMusic.wav in Resources */,
				C501BBA320129DE700EC20D9 /* ballSound.wav in Resources */,
				C501BB972012901A00EC20D9 /* Assets.xcassets in Resources */,
				C501BB952012901A00EC20D9 /* Main.storyboard in Resources */,
			);
			runOnlyForDeploymentPostprocessing = 0;
		};
/* End PBXResourcesBuildPhase section */

/* Begin PBXSourcesBuildPhase section */
		C501BB882012901900EC20D9 /* Sources */ = {
			isa = PBXSourcesBuildPhase;
			buildActionMask = 2147483647;
			files = (
				C501BB922012901A00EC20D9 /* ViewController.swift in Sources */,
				C501BB902012901A00EC20D9 /* AppDelegate.swift in Sources */,
			);
			runOnlyForDeploymentPostprocessing = 0;
		};
/* End PBXSourcesBuildPhase section */

/* Begin PBXVariantGroup section */
		C501BB932012901A00EC20D9 /* Main.storyboard */ = {
			isa = PBXVariantGroup;
			children = (
				C501BB942012901A00EC20D9 /* Base */,
			);
			name = Main.storyboard;
			sourceTree = "<group>";
		};
		C501BB982012901A00EC20D9 /* LaunchScreen.storyboard */ = {
			isa = PBXVariantGroup;
			children = (
				C501BB992012901A00EC20D9 /* Base */,
			);
			name = LaunchScreen.storyboard;
			sourceTree = "<group>";
		};
/* End PBXVariantGroup section */

/* Begin XCBuildConfiguration section */
		C501BB9C2012901A00EC20D9 /* Debug */ = {
			isa = XCBuildConfiguration;
			buildSettings = {
				ALWAYS_SEARCH_USER_PATHS = NO;
				CLANG_ANALYZER_NONNULL = YES;
				CLANG_ANALYZER_NUMBER_OBJECT_CONVERSION = YES_AGGRESSIVE;
				CLANG_CXX_LANGUAGE_STANDARD = "gnu++14";
				CLANG_CXX_LIBRARY = "libc++";
				CLANG_ENABLE_MODULES = YES;
				CLANG_ENABLE_OBJC_ARC = YES;
				CLANG_WARN_BLOCK_CAPTURE_AUTORELEASING = YES;
				CLANG_WARN_BOOL_CONVERSION = YES;
				CLANG_WARN_COMMA = YES;
				CLANG_WARN_CONSTANT_CONVERSION = YES;
				CLANG_WARN_DIRECT_OBJC_ISA_USAGE = YES_ERROR;
				CLANG_WARN_DOCUMENTATION_COMMENTS = YES;
				CLANG_WARN_EMPTY_BODY = YES;
				CLANG_WARN_ENUM_CONVERSION = YES;
				CLANG_WARN_INFINITE_RECURSION = YES;
				CLANG_WARN_INT_CONVERSION = YES;
				CLANG_WARN_NON_LITERAL_NULL_CONVERSION = YES;
				CLANG_WARN_OBJC_LITERAL_CONVERSION = YES;
				CLANG_WARN_OBJC_ROOT_CLASS = YES_ERROR;
				CLANG_WARN_RANGE_LOOP_ANALYSIS = YES;
				CLANG_WARN_STRICT_PROTOTYPES = YES;
				CLANG_WARN_SUSPICIOUS_MOVE = YES;
				CLANG_WARN_UNGUARDED_AVAILABILITY = YES_AGGRESSIVE;
				CLANG_WARN_UNREACHABLE_CODE = YES;
				CLANG_WARN__DUPLICATE_METHOD_MATCH = YES;
				CODE_SIGN_IDENTITY = "iPhone Developer";
				COPY_PHASE_STRIP = NO;
				DEBUG_INFORMATION_FORMAT = dwarf;
				ENABLE_STRICT_OBJC_MSGSEND = YES;
				ENABLE_TESTABILITY = YES;
				GCC_C_LANGUAGE_STANDARD = gnu11;
				GCC_DYNAMIC_NO_PIC = NO;
				GCC_NO_COMMON_BLOCKS = YES;
				GCC_OPTIMIZATION_LEVEL = 0;
				GCC_PREPROCESSOR_DEFINITIONS = (
					"DEBUG=1",
					"$(inherited)",
				);
				GCC_WARN_64_TO_32_BIT_CONVERSION = YES;
				GCC_WARN_ABOUT_RETURN_TYPE = YES_ERROR;
				GCC_WARN_UNDECLARED_SELECTOR = YES;
				GCC_WARN_UNINITIALIZED_AUTOS = YES_AGGRESSIVE;
				GCC_WARN_UNUSED_FUNCTION = YES;
				GCC_WARN_UNUSED_VARIABLE = YES;
				IPHONEOS_DEPLOYMENT_TARGET = 11.2;
				MTL_ENABLE_DEBUG_INFO = YES;
				ONLY_ACTIVE_ARCH = YES;
				SDKROOT = iphoneos;
				SWIFT_ACTIVE_COMPILATION_CONDITIONS = DEBUG;
				SWIFT_OPTIMIZATION_LEVEL = "-Onone";
			};
			name = Debug;
		};
		C501BB9D2012901A00EC20D9 /* Release */ = {
			isa = XCBuildConfiguration;
			buildSettings = {
				ALWAYS_SEARCH_USER_PATHS = NO;
				CLANG_ANALYZER_NONNULL = YES;
				CLANG_ANALYZER_NUMBER_OBJECT_CONVERSION = YES_AGGRESSIVE;
				CLANG_CXX_LANGUAGE_STANDARD = "gnu++14";
				CLANG_CXX_LIBRARY = "libc++";
				CLANG_ENABLE_MODULES = YES;
				CLANG_ENABLE_OBJC_ARC = YES;
				CLANG_WARN_BLOCK_CAPTURE_AUTORELEASING = YES;
				CLANG_WARN_BOOL_CONVERSION = YES;
				CLANG_WARN_COMMA = YES;
				CLANG_WARN_CONSTANT_CONVERSION = YES;
				CLANG_WARN_DIRECT_OBJC_ISA_USAGE = YES_ERROR;
				CLANG_WARN_DOCUMENTATION_COMMENTS = YES;
				CLANG_WARN_EMPTY_BODY = YES;
				CLANG_WARN_ENUM_CONVERSION = YES;
				CLANG_WARN_INFINITE_RECURSION = YES;
				CLANG_WARN_INT_CONVERSION = YES;
				CLANG_WARN_NON_LITERAL_NULL_CONVERSION = YES;
				CLANG_WARN_OBJC_LITERAL_CONVERSION = YES;
				CLANG_WARN_OBJC_ROOT_CLASS = YES_ERROR;
				CLANG_WARN_RANGE_LOOP_ANALYSIS = YES;
				CLANG_WARN_STRICT_PROTOTYPES = YES;
				CLANG_WARN_SUSPICIOUS_MOVE = YES;
				CLANG_WARN_UNGUARDED_AVAILABILITY = YES_AGGRESSIVE;
				CLANG_WARN_UNREACHABLE_CODE = YES;
				CLANG_WARN__DUPLICATE_METHOD_MATCH = YES;
				CODE_SIGN_IDENTITY = "iPhone Developer";
				COPY_PHASE_STRIP = NO;
				DEBUG_INFORMATION_FORMAT = "dwarf-with-dsym";
				ENABLE_NS_ASSERTIONS = NO;
				ENABLE_STRICT_OBJC_MSGSEND = YES;
				GCC_C_LANGUAGE_STANDARD = gnu11;
				GCC_NO_COMMON_BLOCKS = YES;
				GCC_WARN_64_TO_32_BIT_CONVERSION = YES;
				GCC_WARN_ABOUT_RETURN_TYPE = YES_ERROR;
				GCC_WARN_UNDECLARED_SELECTOR = YES;
				GCC_WARN_UNINITIALIZED_AUTOS = YES_AGGRESSIVE;
				GCC_WARN_UNUSED_FUNCTION = YES;
				GCC_WARN_UNUSED_VARIABLE = YES;
				IPHONEOS_DEPLOYMENT_TARGET = 11.2;
				MTL_ENABLE_DEBUG_INFO = NO;
				SDKROOT = iphoneos;
				SWIFT_OPTIMIZATION_LEVEL = "-Owholemodule";
				VALIDATE_PRODUCT = YES;
			};
			name = Release;
		};
		C501BB9F2012901A00EC20D9 /* Debug */ = {
			isa = XCBuildConfiguration;
			buildSettings = {
				ASSETCATALOG_COMPILER_APPICON_NAME = AppIcon;
				CODE_SIGN_STYLE = Automatic;
				DEVELOPMENT_TEAM = H2XQP39QVX;
				INFOPLIST_FILE = Magic8Ball/Info.plist;
				LD_RUNPATH_SEARCH_PATHS = "$(inherited) @executable_path/Frameworks";
				PRODUCT_BUNDLE_IDENTIFIER = com.Ahmedattia.Magic8Ball;
				PRODUCT_NAME = "$(TARGET_NAME)";
				SWIFT_VERSION = 4.0;
				TARGETED_DEVICE_FAMILY = "1,2";
			};
			name = Debug;
		};
		C501BBA02012901A00EC20D9 /* Release */ = {
			isa = XCBuildConfiguration;
			buildSettings = {
				ASSETCATALOG_COMPILER_APPICON_NAME = AppIcon;
				CODE_SIGN_STYLE = Automatic;
				DEVELOPMENT_TEAM = H2XQP39QVX;
				INFOPLIST_FILE = Magic8Ball/Info.plist;
				LD_RUNPATH_SEARCH_PATHS = "$(inherited) @executable_path/Frameworks";
				PRODUCT_BUNDLE_IDENTIFIER = com.Ahmedattia.Magic8Ball;
				PRODUCT_NAME = "$(TARGET_NAME)";
				SWIFT_VERSION = 4.0;
				TARGETED_DEVICE_FAMILY = "1,2";
			};
			name = Release;
		};
/* End XCBuildConfiguration section */

/* Begin XCConfigurationList section */
		C501BB872012901900EC20D9 /* Build configuration list for PBXProject "Magic8Ball" */ = {
			isa = XCConfigurationList;
			buildConfigurations = (
				C501BB9C2012901A00EC20D9 /* Debug */,
				C501BB9D2012901A00EC20D9 /* Release */,
			);
			defaultConfigurationIsVisible = 0;
			defaultConfigurationName = Release;
		};
		C501BB9E2012901A00EC20D9 /* Build configuration list for PBXNativeTarget "Magic8Ball" */ = {
			isa = XCConfigurationList;
			buildConfigurations = (
				C501BB9F2012901A00EC20D9 /* Debug */,
				C501BBA02012901A00EC20D9 /* Release */,
			);
			defaultConfigurationIsVisible = 0;
			defaultConfigurationName = Release;
		};
/* End XCConfigurationList section */
	};
	rootObject = C501BB842012901900EC20D9 /* Project object */;
}
